
Microsoft Visual Studio Solution File, Format Version 12.00
# Visual Studio Version 16
VisualStudioVersion = 16.0.29326.143
MinimumVisualStudioVersion = 10.0.40219.1
Project("{FAE04EC0-301F-11D3-BF4B-00C04F79EFBC}") = "Test", "Test\Test.csproj", "{F655E586-C8D7-4476-BBA1-A738C102DDA9}"
EndProject
Global
	GlobalSection(SolutionConfigurationPlatforms) = preSolution
		Debug|Any CPU = Debug|Any CPU
		Release|Any CPU = Release|Any CPU
	EndGlobalSection
	GlobalSection(ProjectConfigurationPlatforms) = postSolution
		{F655E586-C8D7-4476-BBA1-A738C102DDA9}.Debug|Any CPU.ActiveCfg = Debug|Any CPU
		{F655E586-C8D7-4476-BBA1-A738C102DDA9}.Debug|Any CPU.Build.0 = Debug|Any CPU
		{F655E586-C8D7-4476-BBA1-A738C102DDA9}.Release|Any CPU.ActiveCfg = Release|Any CPU
		{F655E586-C8D7-4476-BBA1-A738C102DDA9}.Release|Any CPU.Build.0 = Release|Any CPU
	EndGlobalSection
	GlobalSection(SolutionProperties) = preSolution
		HideSolutionNode = FALSE
	EndGlobalSection
	GlobalSection(ExtensibilityGlobals) = postSolution
		SolutionGuid = {48A6A3E9-BDAF-4532-BD52-2A4BBAFFD4BF}
	EndGlobalSection
EndGlobal
